PODS:
  - IQChannelsSwift (1.0.0):
    - IQChannelsSwift/Controllers (= 1.0.0)
    - IQChannelsSwift/Database (= 1.0.0)
    - IQChannelsSwift/Extensions (= 1.0.0)
    - IQChannelsSwift/Managers (= 1.0.0)
    - IQChannelsSwift/Models (= 1.0.0)
    - IQChannelsSwift/Protocols (= 1.0.0)
    - IQChannelsSwift/ViewModels (= 1.0.0)
    - IQChannelsSwift/Views (= 1.0.0)
    - SDWebImageSwiftUI (= 3.0.4)
    - SQLite.swift (= 0.15.3)
  - IQChannelsSwift/Controllers (1.0.0):
    - SDWebImageSwiftUI (= 3.0.4)
    - SQLite.swift (= 0.15.3)
  - IQChannelsSwift/Database (1.0.0):
    - SDWebImageSwiftUI (= 3.0.4)
    - SQLite.swift (= 0.15.3)
  - IQChannelsSwift/Extensions (1.0.0):
    - SDWebImageSwiftUI (= 3.0.4)
    - SQLite.swift (= 0.15.3)
  - IQChannelsSwift/Managers (1.0.0):
    - SDWebImageSwiftUI (= 3.0.4)
    - SQLite.swift (= 0.15.3)
  - IQChannelsSwift/Models (1.0.0):
    - SDWebImageSwiftUI (= 3.0.4)
    - SQLite.swift (= 0.15.3)
  - IQChannelsSwift/Protocols (1.0.0):
    - SDWebImageSwiftUI (= 3.0.4)
    - SQLite.swift (= 0.15.3)
  - IQChannelsSwift/ViewModels (1.0.0):
    - SDWebImageSwiftUI (= 3.0.4)
    - SQLite.swift (= 0.15.3)
  - IQChannelsSwift/Views (1.0.0):
    - SDWebImageSwiftUI (= 3.0.4)
    - SQLite.swift (= 0.15.3)
  - SDWebImage (5.20.0):
    - SDWebImage/Core (= 5.20.0)
  - SDWebImage/Core (5.20.0)
  - SDWebImageSwiftUI (3.0.4):
    - SDWebImage (~> 5.10)
  - SQLite.swift (0.15.3):
    - SQLite.swift/standard (= 0.15.3)
  - SQLite.swift/standard (0.15.3)

DEPENDENCIES:
  - IQChannelsSwift (from `../`)

SPEC REPOS:
  trunk:
    - SDWebImage
    - SDWebImageSwiftUI
    - SQLite.swift

EXTERNAL SOURCES:
  IQChannelsSwift:
    :path: "../"

SPEC CHECKSUMS:
  IQChannelsSwift: 3573224507ea1145de7a876e64b0eb316ab910df
  SDWebImage: 73c6079366fea25fa4bb9640d5fb58f0893facd8
  SDWebImageSwiftUI: 824628d8220906aa101f62b39a7492edd138449d
  SQLite.swift: 8d054987f02728cc912b0eb5a9659650573a65a2

PODFILE CHECKSUM: ee70ba7dbc3b90f5b6556e8ca35309367e3b50cb

COCOAPODS: 1.15.2
